// !$*UTF8*$!
{
	archiveVersion = 1;
	classes = {
	};
	objectVersion = 46;
	objects = {

/* Begin PBXBuildFile section */
		F279941519C46E1B0036FBF8 /* Foundation.framework in Frameworks */ = {isa = PBXBuildFile; fileRef = F279941419C46E1B0036FBF8 /* Foundation.framework */; };
		F279941719C46E1B0036FBF8 /* CoreGraphics.framework in Frameworks */ = {isa = PBXBuildFile; fileRef = F279941619C46E1B0036FBF8 /* CoreGraphics.framework */; };
		F279941919C46E1B0036FBF8 /* UIKit.framework in Frameworks */ = {isa = PBXBuildFile; fileRef = F279941819C46E1B0036FBF8 /* UIKit.framework */; };
		F279941F19C46E1B0036FBF8 /* InfoPlist.strings in Resources */ = {isa = PBXBuildFile; fileRef = F279941D19C46E1B0036FBF8 /* InfoPlist.strings */; };
		F279942119C46E1B0036FBF8 /* main.m in Sources */ = {isa = PBXBuildFile; fileRef = F279942019C46E1B0036FBF8 /* main.m */; };
		F279942519C46E1B0036FBF8 /* XYZAppDelegate.m in Sources */ = {isa = PBXBuildFile; fileRef = F279942419C46E1B0036FBF8 /* XYZAppDelegate.m */; };
		F279942719C46E1B0036FBF8 /* Images.xcassets in Resources */ = {isa = PBXBuildFile; fileRef = F279942619C46E1B0036FBF8 /* Images.xcassets */; };
		F279942E19C46E1B0036FBF8 /* XCTest.framework in Frameworks */ = {isa = PBXBuildFile; fileRef = F279942D19C46E1B0036FBF8 /* XCTest.framework */; };
		F279942F19C46E1B0036FBF8 /* Foundation.framework in Frameworks */ = {isa = PBXBuildFile; fileRef = F279941419C46E1B0036FBF8 /* Foundation.framework */; };
		F279943019C46E1B0036FBF8 /* UIKit.framework in Frameworks */ = {isa = PBXBuildFile; fileRef = F279941819C46E1B0036FBF8 /* UIKit.framework */; };
		F279943819C46E1B0036FBF8 /* InfoPlist.strings in Resources */ = {isa = PBXBuildFile; fileRef = F279943619C46E1B0036FBF8 /* InfoPlist.strings */; };
		F279943A19C46E1B0036FBF8 /* ToDoListTests.m in Sources */ = {isa = PBXBuildFile; fileRef = F279943919C46E1B0036FBF8 /* ToDoListTests.m */; };
/* End PBXBuildFile section */

/* Begin PBXContainerItemProxy section */
		F279943119C46E1B0036FBF8 /* PBXContainerItemProxy */ = {
			isa = PBXContainerItemProxy;
			containerPortal = F279940919C46E1B0036FBF8 /* Project object */;
			proxyType = 1;
			remoteGlobalIDString = F279941019C46E1B0036FBF8;
			remoteInfo = ToDoList;
		};
/* End PBXContainerItemProxy section */

/* Begin PBXFileReference section */
		F279941119C46E1B0036FBF8 /* ToDoList.app */ = {isa = PBXFileReference; explicitFileType = wrapper.application; includeInIndex = 0; path = ToDoList.app; sourceTree = BUILT_PRODUCTS_DIR; };
		F279941419C46E1B0036FBF8 /* Foundation.framework */ = {isa = PBXFileReference; lastKnownFileType = wrapper.framework; name = Foundation.framework; path = System/Library/Frameworks/Foundation.framework; sourceTree = SDKROOT; };
		F279941619C46E1B0036FBF8 /* CoreGraphics.framework */ = {isa = PBXFileReference; lastKnownFileType = wrapper.framework; name = CoreGraphics.framework; path = System/Library/Frameworks/CoreGraphics.framework; sourceTree = SDKROOT; };
		F279941819C46E1B0036FBF8 /* UIKit.framework */ = {isa = PBXFileReference; lastKnownFileType = wrapper.framework; name = UIKit.framework; path = System/Library/Frameworks/UIKit.framework; sourceTree = SDKROOT; };
		F279941C19C46E1B0036FBF8 /* ToDoList-Info.plist */ = {isa = PBXFileReference; lastKnownFileType = text.plist.xml; path = "ToDoList-Info.plist"; sourceTree = "<group>"; };
		F279941E19C46E1B0036FBF8 /* en */ = {isa = PBXFileReference; lastKnownFileType = text.plist.strings; name = en; path = en.lproj/InfoPlist.strings; sourceTree = "<group>"; };
		F279942019C46E1B0036FBF8 /* main.m */ = {isa = PBXFileReference; lastKnownFileType = sourcecode.c.objc; path = main.m; sourceTree = "<group>"; };
		F279942219C46E1B0036FBF8 /* ToDoList-Prefix.pch */ = {isa = PBXFileReference; lastKnownFileType = sourcecode.c.h; path = "ToDoList-Prefix.pch"; sourceTree = "<group>"; };
		F279942319C46E1B0036FBF8 /* XYZAppDelegate.h */ = {isa = PBXFileReference; lastKnownFileType = sourcecode.c.h; path = XYZAppDelegate.h; sourceTree = "<group>"; };
		F279942419C46E1B0036FBF8 /* XYZAppDelegate.m */ = {isa = PBXFileReference; lastKnownFileType = sourcecode.c.objc; path = XYZAppDelegate.m; sourceTree = "<group>"; };
		F279942619C46E1B0036FBF8 /* Images.xcassets */ = {isa = PBXFileReference; lastKnownFileType = folder.assetcatalog; path = Images.xcassets; sourceTree = "<group>"; };
		F279942C19C46E1B0036FBF8 /* ToDoListTests.xctest */ = {isa = PBXFileReference; explicitFileType = wrapper.cfbundle; includeInIndex = 0; path = ToDoListTests.xctest; sourceTree = BUILT_PRODUCTS_DIR; };
		F279942D19C46E1B0036FBF8 /* XCTest.framework */ = {isa = PBXFileReference; lastKnownFileType = wrapper.framework; name = XCTest.framework; path = Library/Frameworks/XCTest.framework; sourceTree = DEVELOPER_DIR; };
		F279943519C46E1B0036FBF8 /* ToDoListTests-Info.plist */ = {isa = PBXFileReference; lastKnownFileType = text.plist.xml; path = "ToDoListTests-Info.plist"; sourceTree = "<group>"; };
		F279943719C46E1B0036FBF8 /* en */ = {isa = PBXFileReference; lastKnownFileType = text.plist.strings; name = en; path = en.lproj/InfoPlist.strings; sourceTree = "<group>"; };
		F279943919C46E1B0036FBF8 /* ToDoListTests.m */ = {isa = PBXFileReference; lastKnownFileType = sourcecode.c.objc; path = ToDoListTests.m; sourceTree = "<group>"; };
/* End PBXFileReference section */

/* Begin PBXFrameworksBuildPhase section */
		F279940E19C46E1B0036FBF8 /* Frameworks */ = {
			isa = PBXFrameworksBuildPhase;
			buildActionMask = 2147483647;
			files = (
				F279941719C46E1B0036FBF8 /* CoreGraphics.framework in Frameworks */,
				F279941919C46E1B0036FBF8 /* UIKit.framework in Frameworks */,
				F279941519C46E1B0036FBF8 /* Foundation.framework in Frameworks */,
			);
			runOnlyForDeploymentPostprocessing = 0;
		};
		F279942919C46E1B0036FBF8 /* Frameworks */ = {
			isa = PBXFrameworksBuildPhase;
			buildActionMask = 2147483647;
			files = (
				F279942E19C46E1B0036FBF8 /* XCTest.framework in Frameworks */,
				F279943019C46E1B0036FBF8 /* UIKit.framework in Frameworks */,
				F279942F19C46E1B0036FBF8 /* Foundation.framework in Frameworks */,
			);
			runOnlyForDeploymentPostprocessing = 0;
		};
/* End PBXFrameworksBuildPhase section */

/* Begin PBXGroup section */
		F279940819C46E1B0036FBF8 = {
			isa = PBXGroup;
			children = (
				F279941A19C46E1B0036FBF8 /* ToDoList */,
				F279943319C46E1B0036FBF8 /* ToDoListTests */,
				F279941319C46E1B0036FBF8 /* Frameworks */,
				F279941219C46E1B0036FBF8 /* Products */,
			);
			sourceTree = "<group>";
		};
		F279941219C46E1B0036FBF8 /* Products */ = {
			isa = PBXGroup;
			children = (
				F279941119C46E1B0036FBF8 /* ToDoList.app */,
				F279942C19C46E1B0036FBF8 /* ToDoListTests.xctest */,
			);
			name = Products;
			sourceTree = "<group>";
		};
		F279941319C46E1B0036FBF8 /* Frameworks */ = {
			isa = PBXGroup;
			children = (
				F279941419C46E1B0036FBF8 /* Foundation.framework */,
				F279941619C46E1B0036FBF8 /* CoreGraphics.framework */,
				F279941819C46E1B0036FBF8 /* UIKit.framework */,
				F279942D19C46E1B0036FBF8 /* XCTest.framework */,
			);
			name = Frameworks;
			sourceTree = "<group>";
		};
		F279941A19C46E1B0036FBF8 /* ToDoList */ = {
			isa = PBXGroup;
			children = (
				F279942319C46E1B0036FBF8 /* XYZAppDelegate.h */,
				F279942419C46E1B0036FBF8 /* XYZAppDelegate.m */,
				F279942619C46E1B0036FBF8 /* Images.xcassets */,
				F279941B19C46E1B0036FBF8 /* Supporting Files */,
			);
			path = ToDoList;
			sourceTree = "<group>";
		};
		F279941B19C46E1B0036FBF8 /* Supporting Files */ = {
			isa = PBXGroup;
			children = (
				F279941C19C46E1B0036FBF8 /* ToDoList-Info.plist */,
				F279941D19C46E1B0036FBF8 /* InfoPlist.strings */,
				F279942019C46E1B0036FBF8 /* main.m */,
				F279942219C46E1B0036FBF8 /* ToDoList-Prefix.pch */,
			);
			name = "Supporting Files";
			sourceTree = "<group>";
		};
		F279943319C46E1B0036FBF8 /* ToDoListTests */ = {
			isa = PBXGroup;
			children = (
				F279943919C46E1B0036FBF8 /* ToDoListTests.m */,
				F279943419C46E1B0036FBF8 /* Supporting Files */,
			);
			path = ToDoListTests;
			sourceTree = "<group>";
		};
		F279943419C46E1B0036FBF8 /* Supporting Files */ = {
			isa = PBXGroup;
			children = (
				F279943519C46E1B0036FBF8 /* ToDoListTests-Info.plist */,
				F279943619C46E1B0036FBF8 /* InfoPlist.strings */,
			);
			name = "Supporting Files";
			sourceTree = "<group>";
		};
/* End PBXGroup section */

/* Begin PBXNativeTarget section */
		F279941019C46E1B0036FBF8 /* ToDoList */ = {
			isa = PBXNativeTarget;
			buildConfigurationList = F279943D19C46E1B0036FBF8 /* Build configuration list for PBXNativeTarget "ToDoList" */;
			buildPhases = (
				F279940D19C46E1B0036FBF8 /* Sources */,
				F279940E19C46E1B0036FBF8 /* Frameworks */,
				F279940F19C46E1B0036FBF8 /* Resources */,
			);
			buildRules = (
			);
			dependencies = (
			);
			name = ToDoList;
			productName = ToDoList;
			productReference = F279941119C46E1B0036FBF8 /* ToDoList.app */;
			productType = "com.apple.product-type.application";
		};
		F279942B19C46E1B0036FBF8 /* ToDoListTests */ = {
			isa = PBXNativeTarget;
			buildConfigurationList = F279944019C46E1B0036FBF8 /* Build configuration list for PBXNativeTarget "ToDoListTests" */;
			buildPhases = (
				F279942819C46E1B0036FBF8 /* Sources */,
				F279942919C46E1B0036FBF8 /* Frameworks */,
				F279942A19C46E1B0036FBF8 /* Resources */,
			);
			buildRules = (
			);
			dependencies = (
				F279943219C46E1B0036FBF8 /* PBXTargetDependency */,
			);
			name = ToDoListTests;
			productName = ToDoListTests;
			productReference = F279942C19C46E1B0036FBF8 /* ToDoListTests.xctest */;
			productType = "com.apple.product-type.bundle.unit-test";
		};
/* End PBXNativeTarget section */

/* Begin PBXProject section */
		F279940919C46E1B0036FBF8 /* Project object */ = {
			isa = PBXProject;
			attributes = {
				CLASSPREFIX = XYZ;
				LastUpgradeCheck = 0510;
				ORGANIZATIONNAME = Fiona;
				TargetAttributes = {
					F279942B19C46E1B0036FBF8 = {
						TestTargetID = F279941019C46E1B0036FBF8;
					};
				};
			};
			buildConfigurationList = F279940C19C46E1B0036FBF8 /* Build configuration list for PBXProject "ToDoList" */;
			compatibilityVersion = "Xcode 3.2";
			developmentRegion = English;
			hasScannedForEncodings = 0;
			knownRegions = (
				en,
			);
			mainGroup = F279940819C46E1B0036FBF8;
			productRefGroup = F279941219C46E1B0036FBF8 /* Products */;
			projectDirPath = "";
			projectRoot = "";
			targets = (
				F279941019C46E1B0036FBF8 /* ToDoList */,
				F279942B19C46E1B0036FBF8 /* ToDoListTests */,
			);
		};
/* End PBXProject section */

/* Begin PBXResourcesBuildPhase section */
		F279940F19C46E1B0036FBF8 /* Resources */ = {
			isa = PBXResourcesBuildPhase;
			buildActionMask = 2147483647;
			files = (
				F279941F19C46E1B0036FBF8 /* InfoPlist.strings in Resources */,
				F279942719C46E1B0036FBF8 /* Images.xcassets in Resources */,
			);
			runOnlyForDeploymentPostprocessing = 0;
		};
		F279942A19C46E1B0036FBF8 /* Resources */ = {
			isa = PBXResourcesBuildPhase;
			buildActionMask = 2147483647;
			files = (
				F279943819C46E1B0036FBF8 /* InfoPlist.strings in Resources */,
			);
			runOnlyForDeploymentPostprocessing = 0;
		};
/* End PBXResourcesBuildPhase section */

/* Begin PBXSourcesBuildPhase section */
		F279940D19C46E1B0036FBF8 /* Sources */ = {
			isa = PBXSourcesBuildPhase;
			buildActionMask = 2147483647;
			files = (
				F279942519C46E1B0036FBF8 /* XYZAppDelegate.m in Sources */,
				F279942119C46E1B0036FBF8 /* main.m in Sources */,
			);
			runOnlyForDeploymentPostprocessing = 0;
		};
		F279942819C46E1B0036FBF8 /* Sources */ = {
			isa = PBXSourcesBuildPhase;
			buildActionMask = 2147483647;
			files = (
				F279943A19C46E1B0036FBF8 /* ToDoListTests.m in Sources */,
			);
			runOnlyForDeploymentPostprocessing = 0;
		};
/* End PBXSourcesBuildPhase section */

/* Begin PBXTargetDependency section */
		F279943219C46E1B0036FBF8 /* PBXTargetDependency */ = {
			isa = PBXTargetDependency;
			target = F279941019C46E1B0036FBF8 /* ToDoList */;
			targetProxy = F279943119C46E1B0036FBF8 /* PBXContainerItemProxy */;
		};
/* End PBXTargetDependency section */

/* Begin PBXVariantGroup section */
		F279941D19C46E1B0036FBF8 /* InfoPlist.strings */ = {
			isa = PBXVariantGroup;
			children = (
				F279941E19C46E1B0036FBF8 /* en */,
			);
			name = InfoPlist.strings;
			sourceTree = "<group>";
		};
		F279943619C46E1B0036FBF8 /* InfoPlist.strings */ = {
			isa = PBXVariantGroup;
			children = (
				F279943719C46E1B0036FBF8 /* en */,
			);
			name = InfoPlist.strings;
			sourceTree = "<group>";
		};
/* End PBXVariantGroup section */

/* Begin XCBuildConfiguration section */
		F279943B19C46E1B0036FBF8 /* Debug */ = {
			isa = XCBuildConfiguration;
			buildSettings = {
				ALWAYS_SEARCH_USER_PATHS = NO;
				CLANG_CXX_LANGUAGE_STANDARD = "gnu++0x";
				CLANG_CXX_LIBRARY = "libc++";
				CLANG_ENABLE_MODULES = YES;
				CLANG_ENABLE_OBJC_ARC = YES;
				CLANG_WARN_BOOL_CONVERSION = YES;
				CLANG_WARN_CONSTANT_CONVERSION = YES;
				CLANG_WARN_DIRECT_OBJC_ISA_USAGE = YES_ERROR;
				CLANG_WARN_EMPTY_BODY = YES;
				CLANG_WARN_ENUM_CONVERSION = YES;
				CLANG_WARN_INT_CONVERSION = YES;
				CLANG_WARN_OBJC_ROOT_CLASS = YES_ERROR;
				CLANG_WARN__DUPLICATE_METHOD_MATCH = YES;
				"CODE_SIGN_IDENTITY[sdk=iphoneos*]" = "iPhone Developer";
				COPY_PHASE_STRIP = NO;
				GCC_C_LANGUAGE_STANDARD = gnu99;
				GCC_DYNAMIC_NO_PIC = NO;
				GCC_OPTIMIZATION_LEVEL = 0;
				GCC_PREPROCESSOR_DEFINITIONS = (
					"DEBUG=1",
					"$(inherited)",
				);
				GCC_SYMBOLS_PRIVATE_EXTERN = NO;
				GCC_WARN_64_TO_32_BIT_CONVERSION = YES;
				GCC_WARN_ABOUT_RETURN_TYPE = YES_ERROR;
				GCC_WARN_UNDECLARED_SELECTOR = YES;
				GCC_WARN_UNINITIALIZED_AUTOS = YES_AGGRESSIVE;
				GCC_WARN_UNUSED_FUNCTION = YES;
				GCC_WARN_UNUSED_VARIABLE = YES;
				IPHONEOS_DEPLOYMENT_TARGET = 7.1;
				ONLY_ACTIVE_ARCH = YES;
				SDKROOT = iphoneos;
			};
			name = Debug;
		};
		F279943C19C46E1B0036FBF8 /* Release */ = {
			isa = XCBuildConfiguration;
			buildSettings = {
				ALWAYS_SEARCH_USER_PATHS = NO;
				CLANG_CXX_LANGUAGE_STANDARD = "gnu++0x";
				CLANG_CXX_LIBRARY = "libc++";
				CLANG_ENABLE_MODULES = YES;
				CLANG_ENABLE_OBJC_ARC = YES;
				CLANG_WARN_BOOL_CONVERSION = YES;
				CLANG_WARN_CONSTANT_CONVERSION = YES;
				CLANG_WARN_DIRECT_OBJC_ISA_USAGE = YES_ERROR;
				CLANG_WARN_EMPTY_BODY = YES;
				CLANG_WARN_ENUM_CONVERSION = YES;
				CLANG_WARN_INT_CONVERSION = YES;
				CLANG_WARN_OBJC_ROOT_CLASS = YES_ERROR;
				CLANG_WARN__DUPLICATE_METHOD_MATCH = YES;
				"CODE_SIGN_IDENTITY[sdk=iphoneos*]" = "iPhone Developer";
				COPY_PHASE_STRIP = YES;
				ENABLE_NS_ASSERTIONS = NO;
				GCC_C_LANGUAGE_STANDARD = gnu99;
				GCC_WARN_64_TO_32_BIT_CONVERSION = YES;
				GCC_WARN_ABOUT_RETURN_TYPE = YES_ERROR;
				GCC_WARN_UNDECLARED_SELECTOR = YES;
				GCC_WARN_UNINITIALIZED_AUTOS = YES_AGGRESSIVE;
				GCC_WARN_UNUSED_FUNCTION = YES;
				GCC_WARN_UNUSED_VARIABLE = YES;
				IPHONEOS_DEPLOYMENT_TARGET = 7.1;
				SDKROOT = iphoneos;
				VALIDATE_PRODUCT = YES;
			};
			name = Release;
		};
		F279943E19C46E1B0036FBF8 /* Debug */ = {
			isa = XCBuildConfiguration;
			buildSettings = {
				ASSETCATALOG_COMPILER_APPICON_NAME = AppIcon;
				ASSETCATALOG_COMPILER_LAUNCHIMAGE_NAME = LaunchImage;
				GCC_PRECOMPILE_PREFIX_HEADER = YES;
				GCC_PREFIX_HEADER = "ToDoList/ToDoList-Prefix.pch";
				INFOPLIST_FILE = "ToDoList/ToDoList-Info.plist";
				PRODUCT_NAME = "$(TARGET_NAME)";
				WRAPPER_EXTENSION = app;
			};
			name = Debug;
		};
		F279943F19C46E1B0036FBF8 /* Release */ = {
			isa = XCBuildConfiguration;
			buildSettings = {
				ASSETCATALOG_COMPILER_APPICON_NAME = AppIcon;
				ASSETCATALOG_COMPILER_LAUNCHIMAGE_NAME = LaunchImage;
				GCC_PRECOMPILE_PREFIX_HEADER = YES;
				GCC_PREFIX_HEADER = "ToDoList/ToDoList-Prefix.pch";
				INFOPLIST_FILE = "ToDoList/ToDoList-Info.plist";
				PRODUCT_NAME = "$(TARGET_NAME)";
				WRAPPER_EXTENSION = app;
			};
			name = Release;
		};
		F279944119C46E1B0036FBF8 /* Debug */ = {
			isa = XCBuildConfiguration;
			buildSettings = {
				BUNDLE_LOADER = "$(BUILT_PRODUCTS_DIR)/ToDoList.app/ToDoList";
				FRAMEWORK_SEARCH_PATHS = (
					"$(SDKROOT)/Developer/Library/Frameworks",
					"$(inherited)",
					"$(DEVELOPER_FRAMEWORKS_DIR)",
				);
				GCC_PRECOMPILE_PREFIX_HEADER = YES;
				GCC_PREFIX_HEADER = "ToDoList/ToDoList-Prefix.pch";
				GCC_PREPROCESSOR_DEFINITIONS = (
					"DEBUG=1",
					"$(inherited)",
				);
				INFOPLIST_FILE = "ToDoListTests/ToDoListTests-Info.plist";
				PRODUCT_NAME = "$(TARGET_NAME)";
				TEST_HOST = "$(BUNDLE_LOADER)";
				WRAPPER_EXTENSION = xctest;
			};
			name = Debug;
		};
		F279944219C46E1B0036FBF8 /* Release */ = {
			isa = XCBuildConfiguration;
			buildSettings = {
				BUNDLE_LOADER = "$(BUILT_PRODUCTS_DIR)/ToDoList.app/ToDoList";
				FRAMEWORK_SEARCH_PATHS = (
					"$(SDKROOT)/Developer/Library/Frameworks",
					"$(inherited)",
					"$(DEVELOPER_FRAMEWORKS_DIR)",
				);
				GCC_PRECOMPILE_PREFIX_HEADER = YES;
				GCC_PREFIX_HEADER = "ToDoList/ToDoList-Prefix.pch";
				INFOPLIST_FILE = "ToDoListTests/ToDoListTests-Info.plist";
				PRODUCT_NAME = "$(TARGET_NAME)";
				TEST_HOST = "$(BUNDLE_LOADER)";
				WRAPPER_EXTENSION = xctest;
			};
			name = Release;
		};
/* End XCBuildConfiguration section */

/* Begin XCConfigurationList section */
		F279940C19C46E1B0036FBF8 /* Build configuration list for PBXProject "ToDoList" */ = {
			isa = XCConfigurationList;
			buildConfigurations = (
				F279943B19C46E1B0036FBF8 /* Debug */,
				F279943C19C46E1B0036FBF8 /* Release */,
			);
			defaultConfigurationIsVisible = 0;
			defaultConfigurationName = Release;
		};
		F279943D19C46E1B0036FBF8 /* Build configuration list for PBXNativeTarget "ToDoList" */ = {
			isa = XCConfigurationList;
			buildConfigurations = (
				F279943E19C46E1B0036FBF8 /* Debug */,
				F279943F19C46E1B0036FBF8 /* Release */,
			);
			defaultConfigurationIsVisible = 0;
		};
		F279944019C46E1B0036FBF8 /* Build configuration list for PBXNativeTarget "ToDoListTests" */ = {
			isa = XCConfigurationList;
			buildConfigurations = (
				F279944119C46E1B0036FBF8 /* Debug */,
				F279944219C46E1B0036FBF8 /* Release */,
			);
			defaultConfigurationIsVisible = 0;
		};
/* End XCConfigurationList section */
	};
	rootObject = F279940919C46E1B0036FBF8 /* Project object */;
}
